
Microsoft Visual Studio Solution File, Format Version 12.00
# Visual Studio Version 17
VisualStudioVersion = 17.11.35222.181
MinimumVisualStudioVersion = 10.0.40219.1
Project("{9A19103F-16F7-4668-BE54-9A1E7A4F7556}") = "ECommerceApp.WebAPI", "ECommerceApp.WebAPI\ECommerceApp.WebAPI.csproj", "{262E4C2B-D43C-47B4-B2AE-8AD1D592B448}"
EndProject
Project("{9A19103F-16F7-4668-BE54-9A1E7A4F7556}") = "ECommerceApp.Domain", "ECommerceApp.Domain\ECommerceApp.Domain.csproj", "{A7C2480B-0A58-44FA-9C39-85C880CFFF3B}"
EndProject
Project("{9A19103F-16F7-4668-BE54-9A1E7A4F7556}") = "ECommerceApp.Application", "ECommerceApp.Application\ECommerceApp.Application.csproj", "{FBEB998C-40C6-41C6-AEF8-BFA4B60CD667}"
EndProject
Project("{9A19103F-16F7-4668-BE54-9A1E7A4F7556}") = "ECommerceApp.Infrastructure", "ECommerceApp.Infrastructure\ECommerceApp.Infrastructure.csproj", "{60ED39D6-FFB9-4C2F-A147-D118A0FC2B4D}"
EndProject
Project("{FAE04EC0-301F-11D3-BF4B-00C04F79EFBC}") = "ECommerceApp.Tests", "ECommerceApp.Tests\ECommerceApp.Tests.csproj", "{06A51EC7-FC91-4C0D-A4A3-93FB94E6D497}"
EndProject
Global
	GlobalSection(SolutionConfigurationPlatforms) = preSolution
		Debug|Any CPU = Debug|Any CPU
		Release|Any CPU = Release|Any CPU
	EndGlobalSection
	GlobalSection(ProjectConfigurationPlatforms) = postSolution
		{262E4C2B-D43C-47B4-B2AE-8AD1D592B448}.Debug|Any CPU.ActiveCfg = Debug|Any CPU
		{262E4C2B-D43C-47B4-B2AE-8AD1D592B448}.Debug|Any CPU.Build.0 = Debug|Any CPU
		{262E4C2B-D43C-47B4-B2AE-8AD1D592B448}.Release|Any CPU.ActiveCfg = Release|Any CPU
		{262E4C2B-D43C-47B4-B2AE-8AD1D592B448}.Release|Any CPU.Build.0 = Release|Any CPU
		{A7C2480B-0A58-44FA-9C39-85C880CFFF3B}.Debug|Any CPU.ActiveCfg = Debug|Any CPU
		{A7C2480B-0A58-44FA-9C39-85C880CFFF3B}.Debug|Any CPU.Build.0 = Debug|Any CPU
		{A7C2480B-0A58-44FA-9C39-85C880CFFF3B}.Release|Any CPU.ActiveCfg = Release|Any CPU
		{A7C2480B-0A58-44FA-9C39-85C880CFFF3B}.Release|Any CPU.Build.0 = Release|Any CPU
		{FBEB998C-40C6-41C6-AEF8-BFA4B60CD667}.Debug|Any CPU.ActiveCfg = Debug|Any CPU
		{FBEB998C-40C6-41C6-AEF8-BFA4B60CD667}.Debug|Any CPU.Build.0 = Debug|Any CPU
		{FBEB998C-40C6-41C6-AEF8-BFA4B60CD667}.Release|Any CPU.ActiveCfg = Release|Any CPU
		{FBEB998C-40C6-41C6-AEF8-BFA4B60CD667}.Release|Any CPU.Build.0 = Release|Any CPU
		{60ED39D6-FFB9-4C2F-A147-D118A0FC2B4D}.Debug|Any CPU.ActiveCfg = Debug|Any CPU
		{60ED39D6-FFB9-4C2F-A147-D118A0FC2B4D}.Debug|Any CPU.Build.0 = Debug|Any CPU
		{60ED39D6-FFB9-4C2F-A147-D118A0FC2B4D}.Release|Any CPU.ActiveCfg = Release|Any CPU
		{60ED39D6-FFB9-4C2F-A147-D118A0FC2B4D}.Release|Any CPU.Build.0 = Release|Any CPU
		{06A51EC7-FC91-4C0D-A4A3-93FB94E6D497}.Debug|Any CPU.ActiveCfg = Debug|Any CPU
		{06A51EC7-FC91-4C0D-A4A3-93FB94E6D497}.Debug|Any CPU.Build.0 = Debug|Any CPU
		{06A51EC7-FC91-4C0D-A4A3-93FB94E6D497}.Release|Any CPU.ActiveCfg = Release|Any CPU
		{06A51EC7-FC91-4C0D-A4A3-93FB94E6D497}.Release|Any CPU.Build.0 = Release|Any CPU
	EndGlobalSection
	GlobalSection(SolutionProperties) = preSolution
		HideSolutionNode = FALSE
	EndGlobalSection
	GlobalSection(ExtensibilityGlobals) = postSolution
		SolutionGuid = {AD16E750-D5DD-45C8-AF77-270C30106721}
	EndGlobalSection
EndGlobal
